{
  "name": "@lukehaas/ws-ts-language-server",
  "version": "1.0.0",
  "lockfileVersion": 2,
  "requires": true,
  "packages": {
    "": {
      "name": "@lukehaas/ws-ts-language-server",
      "version": "1.0.0",
      "license": "MIT",
      "dependencies": {
        "@sourcegraph/vscode-ws-jsonrpc": "0.0.3-fork",
        "get-port": "^5.1.1",
        "minimist": "^1.2.8",
        "typescript": "^5.3.3",
        "typescript-language-server": "^4.3.3",
        "ws": "^8.16.0"
      }
    },
    "node_modules/@sourcegraph/vscode-ws-jsonrpc": {
      "version": "0.0.3-fork",
      "resolved": "https://registry.npmjs.org/@sourcegraph/vscode-ws-jsonrpc/-/vscode-ws-jsonrpc-0.0.3-fork.tgz",
      "integrity": "sha512-EJLq/ni66glk3xYyOZtUIEbjTCw8kMI6RvO0YQtPd+4um2+aTSM1LfN4NrsiVrRkG7EG/U2OkFlKqT8mGo6w4Q==",
      "dependencies": {
        "vscode-jsonrpc": "^4.0.0"
      }
    },
    "node_modules/get-port": {
      "version": "5.1.1",
      "resolved": "https://registry.npmjs.org/get-port/-/get-port-5.1.1.tgz",
      "integrity": "sha512-g/Q1aTSDOxFpchXC4i8ZWvxA1lnPqx/JHqcpIw0/LX9T8x/GBbi6YnlN5nhaKIFkT8oFsscUKgDJYxfwfS6QsQ==",
      "engines": {
        "node": ">=8"
      },
      "funding": {
        "url": "https://github.com/sponsors/sindresorhus"
      }
    },
    "node_modules/minimist": {
      "version": "1.2.8",
      "resolved": "https://registry.npmjs.org/minimist/-/minimist-1.2.8.tgz",
      "integrity": "sha512-2yyAR8qBkN3YuheJanUpWC5U3bb5osDywNB8RzDVlDwDHbocAJveqqj1u8+SVD7jkWT4yvsHCpWqqWqAxb0zCA==",
      "funding": {
        "url": "https://github.com/sponsors/ljharb"
      }
    },
    "node_modules/typescript": {
      "version": "5.3.3",
      "resolved": "https://registry.npmjs.org/typescript/-/typescript-5.3.3.tgz",
      "integrity": "sha512-pXWcraxM0uxAS+tN0AG/BF2TyqmHO014Z070UsJ+pFvYuRSq8KH8DmWpnbXe0pEPDHXZV3FcAbJkijJ5oNEnWw==",
      "bin": {
        "tsc": "bin/tsc",
        "tsserver": "bin/tsserver"
      },
      "engines": {
        "node": ">=14.17"
      }
    },
    "node_modules/typescript-language-server": {
      "version": "4.3.3",
      "resolved": "https://registry.npmjs.org/typescript-language-server/-/typescript-language-server-4.3.3.tgz",
      "integrity": "sha512-3QLj57Ru9S6zv10sa4z1pA3TIR1Rdkd04Ke0EszbO4fx5PLdlYhlC/PMxwlyxls9wrZs7wPCME1Ru0s1Gabz4Q==",
      "bin": {
        "typescript-language-server": "lib/cli.mjs"
      },
      "engines": {
        "node": ">=18"
      }
    },
    "node_modules/vscode-jsonrpc": {
      "version": "4.0.0",
      "resolved": "https://registry.npmjs.org/vscode-jsonrpc/-/vscode-jsonrpc-4.0.0.tgz",
      "integrity": "sha512-perEnXQdQOJMTDFNv+UF3h1Y0z4iSiaN9jIlb0OqIYgosPCZGYh/MCUlkFtV2668PL69lRDO32hmvL2yiidUYg==",
      "engines": {
        "node": ">=8.0.0 || >=10.0.0"
      }
    },
    "node_modules/ws": {
      "version": "8.16.0",
      "resolved": "https://registry.npmjs.org/ws/-/ws-8.16.0.tgz",
      "integrity": "sha512-HS0c//TP7Ina87TfiPUz1rQzMhHrl/SG2guqRcTOIUYD2q8uhUdNHZYJUaQ8aTGPzCh+c6oawMKW35nFl1dxyQ==",
      "engines": {
        "node": ">=10.0.0"
      },
      "peerDependencies": {
        "bufferutil": "^4.0.1",
        "utf-8-validate": ">=5.0.2"
      },
      "peerDependenciesMeta": {
        "bufferutil": {
          "optional": true
        },
        "utf-8-validate": {
          "optional": true
        }
      }
    }
  },
  "dependencies": {
    "@sourcegraph/vscode-ws-jsonrpc": {
      "version": "0.0.3-fork",
      "resolved": "https://registry.npmjs.org/@sourcegraph/vscode-ws-jsonrpc/-/vscode-ws-jsonrpc-0.0.3-fork.tgz",
      "integrity": "sha512-EJLq/ni66glk3xYyOZtUIEbjTCw8kMI6RvO0YQtPd+4um2+aTSM1LfN4NrsiVrRkG7EG/U2OkFlKqT8mGo6w4Q==",
      "requires": {
        "vscode-jsonrpc": "^4.0.0"
      }
    },
    "get-port": {
      "version": "5.1.1",
      "resolved": "https://registry.npmjs.org/get-port/-/get-port-5.1.1.tgz",
      "integrity": "sha512-g/Q1aTSDOxFpchXC4i8ZWvxA1lnPqx/JHqcpIw0/LX9T8x/GBbi6YnlN5nhaKIFkT8oFsscUKgDJYxfwfS6QsQ=="
    },
    "minimist": {
      "version": "1.2.8",
      "resolved": "https://registry.npmjs.org/minimist/-/minimist-1.2.8.tgz",
      "integrity": "sha512-2yyAR8qBkN3YuheJanUpWC5U3bb5osDywNB8RzDVlDwDHbocAJveqqj1u8+SVD7jkWT4yvsHCpWqqWqAxb0zCA=="
    },
    "typescript": {
      "version": "5.3.3",
      "resolved": "https://registry.npmjs.org/typescript/-/typescript-5.3.3.tgz",
      "integrity": "sha512-pXWcraxM0uxAS+tN0AG/BF2TyqmHO014Z070UsJ+pFvYuRSq8KH8DmWpnbXe0pEPDHXZV3FcAbJkijJ5oNEnWw=="
    },
    "typescript-language-server": {
      "version": "4.3.3",
      "resolved": "https://registry.npmjs.org/typescript-language-server/-/typescript-language-server-4.3.3.tgz",
      "integrity": "sha512-3QLj57Ru9S6zv10sa4z1pA3TIR1Rdkd04Ke0EszbO4fx5PLdlYhlC/PMxwlyxls9wrZs7wPCME1Ru0s1Gabz4Q=="
    },
    "vscode-jsonrpc": {
      "version": "4.0.0",
      "resolved": "https://registry.npmjs.org/vscode-jsonrpc/-/vscode-jsonrpc-4.0.0.tgz",
      "integrity": "sha512-perEnXQdQOJMTDFNv+UF3h1Y0z4iSiaN9jIlb0OqIYgosPCZGYh/MCUlkFtV2668PL69lRDO32hmvL2yiidUYg=="
    },
    "ws": {
      "version": "8.16.0",
      "resolved": "https://registry.npmjs.org/ws/-/ws-8.16.0.tgz",
      "integrity": "sha512-HS0c//TP7Ina87TfiPUz1rQzMhHrl/SG2guqRcTOIUYD2q8uhUdNHZYJUaQ8aTGPzCh+c6oawMKW35nFl1dxyQ==",
      "requires": {}
    }
  }
}
