{
  "name": "@lukehaas/ws-ts-language-server",
  "version": "1.0.0",
  "lockfileVersion": 2,
  "requires": true,
  "packages": {
    "": {
      "name": "@lukehaas/ws-ts-language-server",
      "version": "1.0.0",
      "license": "MIT",
      "dependencies": {
        "@sourcegraph/vscode-ws-jsonrpc": "0.0.3-fork",
        "get-port": "^5.1.1",
        "minimist": "^1.2.7",
        "typescript": "^4.9.5",
        "typescript-language-server": "^3.3.0",
        "ws": "^8.11.0"
      }
    },
    "node_modules/@sourcegraph/vscode-ws-jsonrpc": {
      "version": "0.0.3-fork",
      "resolved": "https://registry.npmjs.org/@sourcegraph/vscode-ws-jsonrpc/-/vscode-ws-jsonrpc-0.0.3-fork.tgz",
      "integrity": "sha512-EJLq/ni66glk3xYyOZtUIEbjTCw8kMI6RvO0YQtPd+4um2+aTSM1LfN4NrsiVrRkG7EG/U2OkFlKqT8mGo6w4Q==",
      "dependencies": {
        "vscode-jsonrpc": "^4.0.0"
      }
    },
    "node_modules/get-port": {
      "version": "5.1.1",
      "resolved": "https://registry.npmjs.org/get-port/-/get-port-5.1.1.tgz",
      "integrity": "sha512-g/Q1aTSDOxFpchXC4i8ZWvxA1lnPqx/JHqcpIw0/LX9T8x/GBbi6YnlN5nhaKIFkT8oFsscUKgDJYxfwfS6QsQ==",
      "engines": {
        "node": ">=8"
      },
      "funding": {
        "url": "https://github.com/sponsors/sindresorhus"
      }
    },
    "node_modules/minimist": {
      "version": "1.2.7",
      "resolved": "https://registry.npmjs.org/minimist/-/minimist-1.2.7.tgz",
      "integrity": "sha512-bzfL1YUZsP41gmu/qjrEk0Q6i2ix/cVeAhbCbqH9u3zYutS1cLg00qhrD0M2MVdCcx4Sc0UpP2eBWo9rotpq6g==",
      "funding": {
        "url": "https://github.com/sponsors/ljharb"
      }
    },
    "node_modules/typescript": {
      "version": "4.9.5",
      "resolved": "https://registry.npmjs.org/typescript/-/typescript-4.9.5.tgz",
      "integrity": "sha512-1FXk9E2Hm+QzZQ7z+McJiHL4NW1F2EzMu9Nq9i3zAaGqibafqYwCVU6WyWAuyQRRzOlxou8xZSyXLEN8oKj24g==",
      "bin": {
        "tsc": "bin/tsc",
        "tsserver": "bin/tsserver"
      },
      "engines": {
        "node": ">=4.2.0"
      }
    },
    "node_modules/typescript-language-server": {
      "version": "3.3.0",
      "resolved": "https://registry.npmjs.org/typescript-language-server/-/typescript-language-server-3.3.0.tgz",
      "integrity": "sha512-dwHmsXWMqCFJ44XTzrmpq6yIjmprGlh3NUSc6zs1YU63ZFPEyn+K3+66misKrISJ4UfmBpugJmFUtQrik7PuvQ==",
      "bin": {
        "typescript-language-server": "lib/cli.mjs"
      },
      "engines": {
        "node": ">=14.17"
      }
    },
    "node_modules/vscode-jsonrpc": {
      "version": "4.0.0",
      "resolved": "https://registry.npmjs.org/vscode-jsonrpc/-/vscode-jsonrpc-4.0.0.tgz",
      "integrity": "sha512-perEnXQdQOJMTDFNv+UF3h1Y0z4iSiaN9jIlb0OqIYgosPCZGYh/MCUlkFtV2668PL69lRDO32hmvL2yiidUYg==",
      "engines": {
        "node": ">=8.0.0 || >=10.0.0"
      }
    },
    "node_modules/ws": {
      "version": "8.11.0",
      "resolved": "https://registry.npmjs.org/ws/-/ws-8.11.0.tgz",
      "integrity": "sha512-HPG3wQd9sNQoT9xHyNCXoDUa+Xw/VevmY9FoHyQ+g+rrMn4j6FB4np7Z0OhdTgjx6MgQLK7jwSy1YecU1+4Asg==",
      "engines": {
        "node": ">=10.0.0"
      },
      "peerDependencies": {
        "bufferutil": "^4.0.1",
        "utf-8-validate": "^5.0.2"
      },
      "peerDependenciesMeta": {
        "bufferutil": {
          "optional": true
        },
        "utf-8-validate": {
          "optional": true
        }
      }
    }
  },
  "dependencies": {
    "@sourcegraph/vscode-ws-jsonrpc": {
      "version": "0.0.3-fork",
      "resolved": "https://registry.npmjs.org/@sourcegraph/vscode-ws-jsonrpc/-/vscode-ws-jsonrpc-0.0.3-fork.tgz",
      "integrity": "sha512-EJLq/ni66glk3xYyOZtUIEbjTCw8kMI6RvO0YQtPd+4um2+aTSM1LfN4NrsiVrRkG7EG/U2OkFlKqT8mGo6w4Q==",
      "requires": {
        "vscode-jsonrpc": "^4.0.0"
      }
    },
    "get-port": {
      "version": "5.1.1",
      "resolved": "https://registry.npmjs.org/get-port/-/get-port-5.1.1.tgz",
      "integrity": "sha512-g/Q1aTSDOxFpchXC4i8ZWvxA1lnPqx/JHqcpIw0/LX9T8x/GBbi6YnlN5nhaKIFkT8oFsscUKgDJYxfwfS6QsQ=="
    },
    "minimist": {
      "version": "1.2.7",
      "resolved": "https://registry.npmjs.org/minimist/-/minimist-1.2.7.tgz",
      "integrity": "sha512-bzfL1YUZsP41gmu/qjrEk0Q6i2ix/cVeAhbCbqH9u3zYutS1cLg00qhrD0M2MVdCcx4Sc0UpP2eBWo9rotpq6g=="
    },
    "typescript": {
      "version": "4.9.5",
      "resolved": "https://registry.npmjs.org/typescript/-/typescript-4.9.5.tgz",
      "integrity": "sha512-1FXk9E2Hm+QzZQ7z+McJiHL4NW1F2EzMu9Nq9i3zAaGqibafqYwCVU6WyWAuyQRRzOlxou8xZSyXLEN8oKj24g=="
    },
    "typescript-language-server": {
      "version": "3.3.0",
      "resolved": "https://registry.npmjs.org/typescript-language-server/-/typescript-language-server-3.3.0.tgz",
      "integrity": "sha512-dwHmsXWMqCFJ44XTzrmpq6yIjmprGlh3NUSc6zs1YU63ZFPEyn+K3+66misKrISJ4UfmBpugJmFUtQrik7PuvQ=="
    },
    "vscode-jsonrpc": {
      "version": "4.0.0",
      "resolved": "https://registry.npmjs.org/vscode-jsonrpc/-/vscode-jsonrpc-4.0.0.tgz",
      "integrity": "sha512-perEnXQdQOJMTDFNv+UF3h1Y0z4iSiaN9jIlb0OqIYgosPCZGYh/MCUlkFtV2668PL69lRDO32hmvL2yiidUYg=="
    },
    "ws": {
      "version": "8.11.0",
      "resolved": "https://registry.npmjs.org/ws/-/ws-8.11.0.tgz",
      "integrity": "sha512-HPG3wQd9sNQoT9xHyNCXoDUa+Xw/VevmY9FoHyQ+g+rrMn4j6FB4np7Z0OhdTgjx6MgQLK7jwSy1YecU1+4Asg==",
      "requires": {}
    }
  }
}
